// !$*UTF8*$!
{
	archiveVersion = 1;
	classes = {
	};
	objectVersion = 50;
	objects = {

/* Begin PBXBuildFile section */
		72166182230D1F0A00C5B29E /* RZViewActions.m in Sources */ = {isa = PBXBuildFile; fileRef = 72166180230D1F0900C5B29E /* RZViewActions.m */; };
		72A577B6230C025D006114E3 /* AlertController.xib in Resources */ = {isa = PBXBuildFile; fileRef = 72A577B5230C025D006114E3 /* AlertController.xib */; };
		72A577B8230C0270006114E3 /* AlertController.swift in Sources */ = {isa = PBXBuildFile; fileRef = 72A577B7230C0270006114E3 /* AlertController.swift */; };
		72A577BB230C2796006114E3 /* FlowLayoutController.swift in Sources */ = {isa = PBXBuildFile; fileRef = 72A577BA230C2796006114E3 /* FlowLayoutController.swift */; };
		72A577BE230C284D006114E3 /* CollectionCVCell.swift in Sources */ = {isa = PBXBuildFile; fileRef = 72A577BC230C284D006114E3 /* CollectionCVCell.swift */; };
		72A577BF230C284D006114E3 /* CollectionCVCell.xib in Resources */ = {isa = PBXBuildFile; fileRef = 72A577BD230C284D006114E3 /* CollectionCVCell.xib */; };
		72A88BB422FE8EE8002A5EAE /* PulseAnimation.swift in Sources */ = {isa = PBXBuildFile; fileRef = 72A88BB322FE8EE8002A5EAE /* PulseAnimation.swift */; };
		72CAA0D52303C1E80001E939 /* ServiceController.swift in Sources */ = {isa = PBXBuildFile; fileRef = 72CAA0D42303C1E80001E939 /* ServiceController.swift */; };
		72CAA0D72303C72A0001E939 /* ServiceCenter.swift in Sources */ = {isa = PBXBuildFile; fileRef = 72CAA0D62303C72A0001E939 /* ServiceCenter.swift */; };
		72CAA0D923043DB90001E939 /* AnimateController.swift in Sources */ = {isa = PBXBuildFile; fileRef = 72CAA0D823043DB90001E939 /* AnimateController.swift */; };
		72DEEF4622FDA6FB00F81906 /* HeaderCVCell.swift in Sources */ = {isa = PBXBuildFile; fileRef = 72DEEF4222FDA6FA00F81906 /* HeaderCVCell.swift */; };
		72DEEF4722FDA6FB00F81906 /* HeaderCVCell.xib in Resources */ = {isa = PBXBuildFile; fileRef = 72DEEF4322FDA6FA00F81906 /* HeaderCVCell.xib */; };
		72DEEF4822FDA6FB00F81906 /* MenuCVCell.xib in Resources */ = {isa = PBXBuildFile; fileRef = 72DEEF4422FDA6FA00F81906 /* MenuCVCell.xib */; };
		72DEEF4922FDA6FB00F81906 /* MenuCVCell.swift in Sources */ = {isa = PBXBuildFile; fileRef = 72DEEF4522FDA6FA00F81906 /* MenuCVCell.swift */; };
		72EEE12222FAFF9600AA4796 /* AppDelegate.swift in Sources */ = {isa = PBXBuildFile; fileRef = 72EEE12122FAFF9600AA4796 /* AppDelegate.swift */; };
		72EEE12422FAFF9600AA4796 /* ViewController.swift in Sources */ = {isa = PBXBuildFile; fileRef = 72EEE12322FAFF9600AA4796 /* ViewController.swift */; };
		72EEE12722FAFF9600AA4796 /* Main.storyboard in Resources */ = {isa = PBXBuildFile; fileRef = 72EEE12522FAFF9600AA4796 /* Main.storyboard */; };
		72EEE12922FAFF9800AA4796 /* Assets.xcassets in Resources */ = {isa = PBXBuildFile; fileRef = 72EEE12822FAFF9800AA4796 /* Assets.xcassets */; };
		72EEE12C22FAFF9800AA4796 /* LaunchScreen.storyboard in Resources */ = {isa = PBXBuildFile; fileRef = 72EEE12A22FAFF9800AA4796 /* LaunchScreen.storyboard */; };
		72EEE13422FB036000AA4796 /* SidemenuController.swift in Sources */ = {isa = PBXBuildFile; fileRef = 72EEE13322FB036000AA4796 /* SidemenuController.swift */; };
/* End PBXBuildFile section */

/* Begin PBXFileReference section */
		7216617F230D1F0800C5B29E /* AKDrawer-Bridging-Header.h */ = {isa = PBXFileReference; lastKnownFileType = sourcecode.c.h; path = "AKDrawer-Bridging-Header.h"; sourceTree = "<group>"; };
		72166180230D1F0900C5B29E /* RZViewActions.m */ = {isa = PBXFileReference; fileEncoding = 4; lastKnownFileType = sourcecode.c.objc; path = RZViewActions.m; sourceTree = "<group>"; };
		72166181230D1F0A00C5B29E /* RZViewActions.h */ = {isa = PBXFileReference; fileEncoding = 4; lastKnownFileType = sourcecode.c.h; path = RZViewActions.h; sourceTree = "<group>"; };
		72A577B5230C025D006114E3 /* AlertController.xib */ = {isa = PBXFileReference; lastKnownFileType = file.xib; path = AlertController.xib; sourceTree = "<group>"; };
		72A577B7230C0270006114E3 /* AlertController.swift */ = {isa = PBXFileReference; lastKnownFileType = sourcecode.swift; path = AlertController.swift; sourceTree = "<group>"; };
		72A577BA230C2796006114E3 /* FlowLayoutController.swift */ = {isa = PBXFileReference; lastKnownFileType = sourcecode.swift; path = FlowLayoutController.swift; sourceTree = "<group>"; };
		72A577BC230C284D006114E3 /* CollectionCVCell.swift */ = {isa = PBXFileReference; lastKnownFileType = sourcecode.swift; path = CollectionCVCell.swift; sourceTree = "<group>"; };
		72A577BD230C284D006114E3 /* CollectionCVCell.xib */ = {isa = PBXFileReference; lastKnownFileType = file.xib; path = CollectionCVCell.xib; sourceTree = "<group>"; };
		72A88BB322FE8EE8002A5EAE /* PulseAnimation.swift */ = {isa = PBXFileReference; lastKnownFileType = sourcecode.swift; path = PulseAnimation.swift; sourceTree = "<group>"; };
		72CAA0D42303C1E80001E939 /* ServiceController.swift */ = {isa = PBXFileReference; lastKnownFileType = sourcecode.swift; path = ServiceController.swift; sourceTree = "<group>"; };
		72CAA0D62303C72A0001E939 /* ServiceCenter.swift */ = {isa = PBXFileReference; lastKnownFileType = sourcecode.swift; path = ServiceCenter.swift; sourceTree = "<group>"; };
		72CAA0D823043DB90001E939 /* AnimateController.swift */ = {isa = PBXFileReference; fileEncoding = 4; lastKnownFileType = sourcecode.swift; path = AnimateController.swift; sourceTree = "<group>"; };
		72DEEF4222FDA6FA00F81906 /* HeaderCVCell.swift */ = {isa = PBXFileReference; fileEncoding = 4; lastKnownFileType = sourcecode.swift; path = HeaderCVCell.swift; sourceTree = "<group>"; };
		72DEEF4322FDA6FA00F81906 /* HeaderCVCell.xib */ = {isa = PBXFileReference; fileEncoding = 4; lastKnownFileType = file.xib; path = HeaderCVCell.xib; sourceTree = "<group>"; };
		72DEEF4422FDA6FA00F81906 /* MenuCVCell.xib */ = {isa = PBXFileReference; fileEncoding = 4; lastKnownFileType = file.xib; path = MenuCVCell.xib; sourceTree = "<group>"; };
		72DEEF4522FDA6FA00F81906 /* MenuCVCell.swift */ = {isa = PBXFileReference; fileEncoding = 4; lastKnownFileType = sourcecode.swift; path = MenuCVCell.swift; sourceTree = "<group>"; };
		72EEE11E22FAFF9600AA4796 /* AKDrawer.app */ = {isa = PBXFileReference; explicitFileType = wrapper.application; includeInIndex = 0; path = AKDrawer.app; sourceTree = BUILT_PRODUCTS_DIR; };
		72EEE12122FAFF9600AA4796 /* AppDelegate.swift */ = {isa = PBXFileReference; lastKnownFileType = sourcecode.swift; path = AppDelegate.swift; sourceTree = "<group>"; };
		72EEE12322FAFF9600AA4796 /* ViewController.swift */ = {isa = PBXFileReference; lastKnownFileType = sourcecode.swift; path = ViewController.swift; sourceTree = "<group>"; };
		72EEE12622FAFF9600AA4796 /* Base */ = {isa = PBXFileReference; lastKnownFileType = file.storyboard; name = Base; path = Base.lproj/Main.storyboard; sourceTree = "<group>"; };
		72EEE12822FAFF9800AA4796 /* Assets.xcassets */ = {isa = PBXFileReference; lastKnownFileType = folder.assetcatalog; path = Assets.xcassets; sourceTree = "<group>"; };
		72EEE12B22FAFF9800AA4796 /* Base */ = {isa = PBXFileReference; lastKnownFileType = file.storyboard; name = Base; path = Base.lproj/LaunchScreen.storyboard; sourceTree = "<group>"; };
		72EEE12D22FAFF9800AA4796 /* Info.plist */ = {isa = PBXFileReference; lastKnownFileType = text.plist.xml; path = Info.plist; sourceTree = "<group>"; };
		72EEE13322FB036000AA4796 /* SidemenuController.swift */ = {isa = PBXFileReference; lastKnownFileType = sourcecode.swift; path = SidemenuController.swift; sourceTree = "<group>"; };
/* End PBXFileReference section */

/* Begin PBXFrameworksBuildPhase section */
		72EEE11B22FAFF9600AA4796 /* Frameworks */ = {
			isa = PBXFrameworksBuildPhase;
			buildActionMask = 2147483647;
			files = (
			);
			runOnlyForDeploymentPostprocessing = 0;
		};
/* End PBXFrameworksBuildPhase section */

/* Begin PBXGroup section */
		7216617E230D1EF300C5B29E /* RZViewActions */ = {
			isa = PBXGroup;
			children = (
				72166181230D1F0A00C5B29E /* RZViewActions.h */,
				72166180230D1F0900C5B29E /* RZViewActions.m */,
				7216617F230D1F0800C5B29E /* AKDrawer-Bridging-Header.h */,
			);
			path = RZViewActions;
			sourceTree = "<group>";
		};
		72A577B9230C2741006114E3 /* CollectionView Flow Layout */ = {
			isa = PBXGroup;
			children = (
				72A577BA230C2796006114E3 /* FlowLayoutController.swift */,
				72A577BC230C284D006114E3 /* CollectionCVCell.swift */,
				72A577BD230C284D006114E3 /* CollectionCVCell.xib */,
			);
			path = "CollectionView Flow Layout";
			sourceTree = "<group>";
		};
		72CAA0DE23043E0A0001E939 /* Home Controller */ = {
			isa = PBXGroup;
			children = (
				72EEE12322FAFF9600AA4796 /* ViewController.swift */,
				72A88BB322FE8EE8002A5EAE /* PulseAnimation.swift */,
			);
			path = "Home Controller";
			sourceTree = "<group>";
		};
		72CAA0DF23043E170001E939 /* SideMenu Controller */ = {
			isa = PBXGroup;
			children = (
				72EEE13322FB036000AA4796 /* SidemenuController.swift */,
				72DEEF4222FDA6FA00F81906 /* HeaderCVCell.swift */,
				72DEEF4322FDA6FA00F81906 /* HeaderCVCell.xib */,
				72DEEF4522FDA6FA00F81906 /* MenuCVCell.swift */,
				72DEEF4422FDA6FA00F81906 /* MenuCVCell.xib */,
			);
			path = "SideMenu Controller";
			sourceTree = "<group>";
		};
		72CAA0E023043E230001E939 /* Service Controller */ = {
			isa = PBXGroup;
			children = (
				72CAA0D42303C1E80001E939 /* ServiceController.swift */,
				72CAA0D62303C72A0001E939 /* ServiceCenter.swift */,
			);
			path = "Service Controller";
			sourceTree = "<group>";
		};
		72CAA0E123043E890001E939 /* Animate Controller */ = {
			isa = PBXGroup;
			children = (
				72CAA0D823043DB90001E939 /* AnimateController.swift */,
				72A577B5230C025D006114E3 /* AlertController.xib */,
				72A577B7230C0270006114E3 /* AlertController.swift */,
			);
			path = "Animate Controller";
			sourceTree = "<group>";
		};
		72EEE11522FAFF9600AA4796 = {
			isa = PBXGroup;
			children = (
				72EEE12022FAFF9600AA4796 /* AKDrawer */,
				72EEE11F22FAFF9600AA4796 /* Products */,
			);
			sourceTree = "<group>";
		};
		72EEE11F22FAFF9600AA4796 /* Products */ = {
			isa = PBXGroup;
			children = (
				72EEE11E22FAFF9600AA4796 /* AKDrawer.app */,
			);
			name = Products;
			sourceTree = "<group>";
		};
		72EEE12022FAFF9600AA4796 /* AKDrawer */ = {
			isa = PBXGroup;
			children = (
				72EEE12522FAFF9600AA4796 /* Main.storyboard */,
				72EEE12822FAFF9800AA4796 /* Assets.xcassets */,
				72EEE12A22FAFF9800AA4796 /* LaunchScreen.storyboard */,
				72EEE12D22FAFF9800AA4796 /* Info.plist */,
				72EEE12122FAFF9600AA4796 /* AppDelegate.swift */,
				72CAA0DF23043E170001E939 /* SideMenu Controller */,
				72CAA0DE23043E0A0001E939 /* Home Controller */,
				72CAA0E023043E230001E939 /* Service Controller */,
				72CAA0E123043E890001E939 /* Animate Controller */,
				72A577B9230C2741006114E3 /* CollectionView Flow Layout */,
				7216617E230D1EF300C5B29E /* RZViewActions */,
			);
			path = AKDrawer;
			sourceTree = "<group>";
		};
/* End PBXGroup section */

/* Begin PBXNativeTarget section */
		72EEE11D22FAFF9600AA4796 /* AKDrawer */ = {
			isa = PBXNativeTarget;
			buildConfigurationList = 72EEE13022FAFF9800AA4796 /* Build configuration list for PBXNativeTarget "AKDrawer" */;
			buildPhases = (
				72EEE11A22FAFF9600AA4796 /* Sources */,
				72EEE11B22FAFF9600AA4796 /* Frameworks */,
				72EEE11C22FAFF9600AA4796 /* Resources */,
			);
			buildRules = (
			);
			dependencies = (
			);
			name = AKDrawer;
			productName = AKDrawer;
			productReference = 72EEE11E22FAFF9600AA4796 /* AKDrawer.app */;
			productType = "com.apple.product-type.application";
		};
/* End PBXNativeTarget section */

/* Begin PBXProject section */
		72EEE11622FAFF9600AA4796 /* Project object */ = {
			isa = PBXProject;
			attributes = {
				LastSwiftUpdateCheck = 1030;
				LastUpgradeCheck = 1030;
				ORGANIZATIONNAME = Gatisofttech;
				TargetAttributes = {
					72EEE11D22FAFF9600AA4796 = {
						CreatedOnToolsVersion = 10.3;
						LastSwiftMigration = 1030;
					};
				};
			};
			buildConfigurationList = 72EEE11922FAFF9600AA4796 /* Build configuration list for PBXProject "AKDrawer" */;
			compatibilityVersion = "Xcode 9.3";
			developmentRegion = en;
			hasScannedForEncodings = 0;
			knownRegions = (
				en,
				Base,
			);
			mainGroup = 72EEE11522FAFF9600AA4796;
			productRefGroup = 72EEE11F22FAFF9600AA4796 /* Products */;
			projectDirPath = "";
			projectRoot = "";
			targets = (
				72EEE11D22FAFF9600AA4796 /* AKDrawer */,
			);
		};
/* End PBXProject section */

/* Begin PBXResourcesBuildPhase section */
		72EEE11C22FAFF9600AA4796 /* Resources */ = {
			isa = PBXResourcesBuildPhase;
			buildActionMask = 2147483647;
			files = (
				72EEE12C22FAFF9800AA4796 /* LaunchScreen.storyboard in Resources */,
				72DEEF4822FDA6FB00F81906 /* MenuCVCell.xib in Resources */,
				72A577B6230C025D006114E3 /* AlertController.xib in Resources */,
				72EEE12922FAFF9800AA4796 /* Assets.xcassets in Resources */,
				72A577BF230C284D006114E3 /* CollectionCVCell.xib in Resources */,
				72EEE12722FAFF9600AA4796 /* Main.storyboard in Resources */,
				72DEEF4722FDA6FB00F81906 /* HeaderCVCell.xib in Resources */,
			);
			runOnlyForDeploymentPostprocessing = 0;
		};
/* End PBXResourcesBuildPhase section */

/* Begin PBXSourcesBuildPhase section */
		72EEE11A22FAFF9600AA4796 /* Sources */ = {
			isa = PBXSourcesBuildPhase;
			buildActionMask = 2147483647;
			files = (
				72EEE12422FAFF9600AA4796 /* ViewController.swift in Sources */,
				72EEE12222FAFF9600AA4796 /* AppDelegate.swift in Sources */,
				72CAA0D52303C1E80001E939 /* ServiceController.swift in Sources */,
				72A577BB230C2796006114E3 /* FlowLayoutController.swift in Sources */,
				72DEEF4922FDA6FB00F81906 /* MenuCVCell.swift in Sources */,
				72166182230D1F0A00C5B29E /* RZViewActions.m in Sources */,
				72EEE13422FB036000AA4796 /* SidemenuController.swift in Sources */,
				72A577BE230C284D006114E3 /* CollectionCVCell.swift in Sources */,
				72CAA0D72303C72A0001E939 /* ServiceCenter.swift in Sources */,
				72A88BB422FE8EE8002A5EAE /* PulseAnimation.swift in Sources */,
				72A577B8230C0270006114E3 /* AlertController.swift in Sources */,
				72DEEF4622FDA6FB00F81906 /* HeaderCVCell.swift in Sources */,
				72CAA0D923043DB90001E939 /* AnimateController.swift in Sources */,
			);
			runOnlyForDeploymentPostprocessing = 0;
		};
/* End PBXSourcesBuildPhase section */

/* Begin PBXVariantGroup section */
		72EEE12522FAFF9600AA4796 /* Main.storyboard */ = {
			isa = PBXVariantGroup;
			children = (
				72EEE12622FAFF9600AA4796 /* Base */,
			);
			name = Main.storyboard;
			sourceTree = "<group>";
		};
		72EEE12A22FAFF9800AA4796 /* LaunchScreen.storyboard */ = {
			isa = PBXVariantGroup;
			children = (
				72EEE12B22FAFF9800AA4796 /* Base */,
			);
			name = LaunchScreen.storyboard;
			sourceTree = "<group>";
		};
/* End PBXVariantGroup section */

/* Begin XCBuildConfiguration section */
		72EEE12E22FAFF9800AA4796 /* Debug */ = {
			isa = XCBuildConfiguration;
			buildSettings = {
				ALWAYS_SEARCH_USER_PATHS = NO;
				CLANG_ANALYZER_NONNULL = YES;
				CLANG_ANALYZER_NUMBER_OBJECT_CONVERSION = YES_AGGRESSIVE;
				CLANG_CXX_LANGUAGE_STANDARD = "gnu++14";
				CLANG_CXX_LIBRARY = "libc++";
				CLANG_ENABLE_MODULES = YES;
				CLANG_ENABLE_OBJC_ARC = YES;
				CLANG_ENABLE_OBJC_WEAK = YES;
				CLANG_WARN_BLOCK_CAPTURE_AUTORELEASING = YES;
				CLANG_WARN_BOOL_CONVERSION = YES;
				CLANG_WARN_COMMA = YES;
				CLANG_WARN_CONSTANT_CONVERSION = YES;
				CLANG_WARN_DEPRECATED_OBJC_IMPLEMENTATIONS = YES;
				CLANG_WARN_DIRECT_OBJC_ISA_USAGE = YES_ERROR;
				CLANG_WARN_DOCUMENTATION_COMMENTS = YES;
				CLANG_WARN_EMPTY_BODY = YES;
				CLANG_WARN_ENUM_CONVERSION = YES;
				CLANG_WARN_INFINITE_RECURSION = YES;
				CLANG_WARN_INT_CONVERSION = YES;
				CLANG_WARN_NON_LITERAL_NULL_CONVERSION = YES;
				CLANG_WARN_OBJC_IMPLICIT_RETAIN_SELF = YES;
				CLANG_WARN_OBJC_LITERAL_CONVERSION = YES;
				CLANG_WARN_OBJC_ROOT_CLASS = YES_ERROR;
				CLANG_WARN_RANGE_LOOP_ANALYSIS = YES;
				CLANG_WARN_STRICT_PROTOTYPES = YES;
				CLANG_WARN_SUSPICIOUS_MOVE = YES;
				CLANG_WARN_UNGUARDED_AVAILABILITY = YES_AGGRESSIVE;
				CLANG_WARN_UNREACHABLE_CODE = YES;
				CLANG_WARN__DUPLICATE_METHOD_MATCH = YES;
				CODE_SIGN_IDENTITY = "iPhone Developer";
				COPY_PHASE_STRIP = NO;
				DEBUG_INFORMATION_FORMAT = dwarf;
				ENABLE_STRICT_OBJC_MSGSEND = YES;
				ENABLE_TESTABILITY = YES;
				GCC_C_LANGUAGE_STANDARD = gnu11;
				GCC_DYNAMIC_NO_PIC = NO;
				GCC_NO_COMMON_BLOCKS = YES;
				GCC_OPTIMIZATION_LEVEL = 0;
				GCC_PREPROCESSOR_DEFINITIONS = (
					"DEBUG=1",
					"$(inherited)",
				);
				GCC_WARN_64_TO_32_BIT_CONVERSION = YES;
				GCC_WARN_ABOUT_RETURN_TYPE = YES_ERROR;
				GCC_WARN_UNDECLARED_SELECTOR = YES;
				GCC_WARN_UNINITIALIZED_AUTOS = YES_AGGRESSIVE;
				GCC_WARN_UNUSED_FUNCTION = YES;
				GCC_WARN_UNUSED_VARIABLE = YES;
				IPHONEOS_DEPLOYMENT_TARGET = 9.3;
				MTL_ENABLE_DEBUG_INFO = INCLUDE_SOURCE;
				MTL_FAST_MATH = YES;
				ONLY_ACTIVE_ARCH = YES;
				SDKROOT = iphoneos;
				SWIFT_ACTIVE_COMPILATION_CONDITIONS = DEBUG;
				SWIFT_OPTIMIZATION_LEVEL = "-Onone";
			};
			name = Debug;
		};
		72EEE12F22FAFF9800AA4796 /* Release */ = {
			isa = XCBuildConfiguration;
			buildSettings = {
				ALWAYS_SEARCH_USER_PATHS = NO;
				CLANG_ANALYZER_NONNULL = YES;
				CLANG_ANALYZER_NUMBER_OBJECT_CONVERSION = YES_AGGRESSIVE;
				CLANG_CXX_LANGUAGE_STANDARD = "gnu++14";
				CLANG_CXX_LIBRARY = "libc++";
				CLANG_ENABLE_MODULES = YES;
				CLANG_ENABLE_OBJC_ARC = YES;
				CLANG_ENABLE_OBJC_WEAK = YES;
				CLANG_WARN_BLOCK_CAPTURE_AUTORELEASING = YES;
				CLANG_WARN_BOOL_CONVERSION = YES;
				CLANG_WARN_COMMA = YES;
				CLANG_WARN_CONSTANT_CONVERSION = YES;
				CLANG_WARN_DEPRECATED_OBJC_IMPLEMENTATIONS = YES;
				CLANG_WARN_DIRECT_OBJC_ISA_USAGE = YES_ERROR;
				CLANG_WARN_DOCUMENTATION_COMMENTS = YES;
				CLANG_WARN_EMPTY_BODY = YES;
				CLANG_WARN_ENUM_CONVERSION = YES;
				CLANG_WARN_INFINITE_RECURSION = YES;
				CLANG_WARN_INT_CONVERSION = YES;
				CLANG_WARN_NON_LITERAL_NULL_CONVERSION = YES;
				CLANG_WARN_OBJC_IMPLICIT_RETAIN_SELF = YES;
				CLANG_WARN_OBJC_LITERAL_CONVERSION = YES;
				CLANG_WARN_OBJC_ROOT_CLASS = YES_ERROR;
				CLANG_WARN_RANGE_LOOP_ANALYSIS = YES;
				CLANG_WARN_STRICT_PROTOTYPES = YES;
				CLANG_WARN_SUSPICIOUS_MOVE = YES;
				CLANG_WARN_UNGUARDED_AVAILABILITY = YES_AGGRESSIVE;
				CLANG_WARN_UNREACHABLE_CODE = YES;
				CLANG_WARN__DUPLICATE_METHOD_MATCH = YES;
				CODE_SIGN_IDENTITY = "iPhone Developer";
				COPY_PHASE_STRIP = NO;
				DEBUG_INFORMATION_FORMAT = "dwarf-with-dsym";
				ENABLE_NS_ASSERTIONS = NO;
				ENABLE_STRICT_OBJC_MSGSEND = YES;
				GCC_C_LANGUAGE_STANDARD = gnu11;
				GCC_NO_COMMON_BLOCKS = YES;
				GCC_WARN_64_TO_32_BIT_CONVERSION = YES;
				GCC_WARN_ABOUT_RETURN_TYPE = YES_ERROR;
				GCC_WARN_UNDECLARED_SELECTOR = YES;
				GCC_WARN_UNINITIALIZED_AUTOS = YES_AGGRESSIVE;
				GCC_WARN_UNUSED_FUNCTION = YES;
				GCC_WARN_UNUSED_VARIABLE = YES;
				IPHONEOS_DEPLOYMENT_TARGET = 9.3;
				MTL_ENABLE_DEBUG_INFO = NO;
				MTL_FAST_MATH = YES;
				SDKROOT = iphoneos;
				SWIFT_COMPILATION_MODE = wholemodule;
				SWIFT_OPTIMIZATION_LEVEL = "-O";
				VALIDATE_PRODUCT = YES;
			};
			name = Release;
		};
		72EEE13122FAFF9800AA4796 /* Debug */ = {
			isa = XCBuildConfiguration;
			buildSettings = {
				ASSETCATALOG_COMPILER_APPICON_NAME = AppIcon;
				CLANG_ENABLE_MODULES = YES;
				CODE_SIGN_STYLE = Automatic;
				DEVELOPMENT_TEAM = LYY62AG674;
				INFOPLIST_FILE = AKDrawer/Info.plist;
				IPHONEOS_DEPLOYMENT_TARGET = 9.3;
				LD_RUNPATH_SEARCH_PATHS = (
					"$(inherited)",
					"@executable_path/Frameworks",
				);
				PRODUCT_BUNDLE_IDENTIFIER = com.Gatisofttech.AKDrawer;
				PRODUCT_NAME = "$(TARGET_NAME)";
				SWIFT_OBJC_BRIDGING_HEADER = "AKDrawer/RZViewActions/AKDrawer-Bridging-Header.h";
				SWIFT_OPTIMIZATION_LEVEL = "-Onone";
				SWIFT_VERSION = 5.0;
				TARGETED_DEVICE_FAMILY = "1,2";
			};
			name = Debug;
		};
		72EEE13222FAFF9800AA4796 /* Release */ = {
			isa = XCBuildConfiguration;
			buildSettings = {
				ASSETCATALOG_COMPILER_APPICON_NAME = AppIcon;
				CLANG_ENABLE_MODULES = YES;
				CODE_SIGN_STYLE = Automatic;
				DEVELOPMENT_TEAM = LYY62AG674;
				INFOPLIST_FILE = AKDrawer/Info.plist;
				IPHONEOS_DEPLOYMENT_TARGET = 9.3;
				LD_RUNPATH_SEARCH_PATHS = (
					"$(inherited)",
					"@executable_path/Frameworks",
				);
				PRODUCT_BUNDLE_IDENTIFIER = com.Gatisofttech.AKDrawer;
				PRODUCT_NAME = "$(TARGET_NAME)";
				SWIFT_OBJC_BRIDGING_HEADER = "AKDrawer/RZViewActions/AKDrawer-Bridging-Header.h";
				SWIFT_VERSION = 5.0;
				TARGETED_DEVICE_FAMILY = "1,2";
			};
			name = Release;
		};
/* End XCBuildConfiguration section */

/* Begin XCConfigurationList section */
		72EEE11922FAFF9600AA4796 /* Build configuration list for PBXProject "AKDrawer" */ = {
			isa = XCConfigurationList;
			buildConfigurations = (
				72EEE12E22FAFF9800AA4796 /* Debug */,
				72EEE12F22FAFF9800AA4796 /* Release */,
			);
			defaultConfigurationIsVisible = 0;
			defaultConfigurationName = Release;
		};
		72EEE13022FAFF9800AA4796 /* Build configuration list for PBXNativeTarget "AKDrawer" */ = {
			isa = XCConfigurationList;
			buildConfigurations = (
				72EEE13122FAFF9800AA4796 /* Debug */,
				72EEE13222FAFF9800AA4796 /* Release */,
			);
			defaultConfigurationIsVisible = 0;
			defaultConfigurationName = Release;
		};
/* End XCConfigurationList section */
	};
	rootObject = 72EEE11622FAFF9600AA4796 /* Project object */;
}
